
Microsoft Visual Studio Solution File, Format Version 12.00
# Visual Studio Version 16
VisualStudioVersion = 16.0.30523.141
MinimumVisualStudioVersion = 10.0.40219.1
Project("{888888A0-9F3D-457C-B088-3A5042F75D52}") = "DigDug", "DigDug\DigDug.pyproj", "{E8386426-B578-4A79-BDC6-7FC86822C514}"
EndProject
Global
	GlobalSection(SolutionConfigurationPlatforms) = preSolution
		Debug|Any CPU = Debug|Any CPU
		Release|Any CPU = Release|Any CPU
	EndGlobalSection
	GlobalSection(ProjectConfigurationPlatforms) = postSolution
		{E8386426-B578-4A79-BDC6-7FC86822C514}.Debug|Any CPU.ActiveCfg = Debug|Any CPU
		{E8386426-B578-4A79-BDC6-7FC86822C514}.Release|Any CPU.ActiveCfg = Release|Any CPU
	EndGlobalSection
	GlobalSection(SolutionProperties) = preSolution
		HideSolutionNode = FALSE
	EndGlobalSection
	GlobalSection(ExtensibilityGlobals) = postSolution
		SolutionGuid = {374AC6AC-7D0B-408C-9703-7565447C175F}
	EndGlobalSection
EndGlobal
